// !$*UTF8*$!
{
	archiveVersion = 1;
	classes = {
	};
	objectVersion = 46;
	objects = {

/* Begin PBXBuildFile section */
		4978D3D01BC314890095A722 /* DetailViewController.m in Sources */ = {isa = PBXBuildFile; fileRef = 4978D3CF1BC314890095A722 /* DetailViewController.m */; settings = {ASSET_TAGS = (); }; };
		4978D3D31BC314B30095A722 /* ListTableViewController.m in Sources */ = {isa = PBXBuildFile; fileRef = 4978D3D21BC314B30095A722 /* ListTableViewController.m */; settings = {ASSET_TAGS = (); }; };
		49DAB8D11BB697830083AD1B /* main.m in Sources */ = {isa = PBXBuildFile; fileRef = 49DAB8D01BB697830083AD1B /* main.m */; };
		49DAB8D41BB697830083AD1B /* AppDelegate.m in Sources */ = {isa = PBXBuildFile; fileRef = 49DAB8D31BB697830083AD1B /* AppDelegate.m */; };
		49DAB8D71BB697830083AD1B /* ViewController.m in Sources */ = {isa = PBXBuildFile; fileRef = 49DAB8D61BB697830083AD1B /* ViewController.m */; };
		49DAB8DA1BB697830083AD1B /* Main.storyboard in Resources */ = {isa = PBXBuildFile; fileRef = 49DAB8D81BB697830083AD1B /* Main.storyboard */; };
		49DAB8DC1BB697830083AD1B /* Assets.xcassets in Resources */ = {isa = PBXBuildFile; fileRef = 49DAB8DB1BB697830083AD1B /* Assets.xcassets */; };
		49DAB8DF1BB697830083AD1B /* LaunchScreen.storyboard in Resources */ = {isa = PBXBuildFile; fileRef = 49DAB8DD1BB697830083AD1B /* LaunchScreen.storyboard */; };
		49DAB8EA1BB697840083AD1B /* BasicTests.m in Sources */ = {isa = PBXBuildFile; fileRef = 49DAB8E91BB697840083AD1B /* BasicTests.m */; };
		49DAB8F51BB697840083AD1B /* BasicUITests.m in Sources */ = {isa = PBXBuildFile; fileRef = 49DAB8F41BB697840083AD1B /* BasicUITests.m */; };
		F09266A28C2EFE5B9150C7AC /* libPods-Basic.a in Frameworks */ = {isa = PBXBuildFile; fileRef = B21336D3E587CC58B79E5C1F /* libPods-Basic.a */; };
/* End PBXBuildFile section */

/* Begin PBXContainerItemProxy section */
		49DAB8E61BB697830083AD1B /* PBXContainerItemProxy */ = {
			isa = PBXContainerItemProxy;
			containerPortal = 49DAB8C41BB697830083AD1B /* Project object */;
			proxyType = 1;
			remoteGlobalIDString = 49DAB8CB1BB697830083AD1B;
			remoteInfo = Basic;
		};
		49DAB8F11BB697840083AD1B /* PBXContainerItemProxy */ = {
			isa = PBXContainerItemProxy;
			containerPortal = 49DAB8C41BB697830083AD1B /* Project object */;
			proxyType = 1;
			remoteGlobalIDString = 49DAB8CB1BB697830083AD1B;
			remoteInfo = Basic;
		};
/* End PBXContainerItemProxy section */

/* Begin PBXFileReference section */
		4978D3CE1BC314890095A722 /* DetailViewController.h */ = {isa = PBXFileReference; fileEncoding = 4; lastKnownFileType = sourcecode.c.h; path = DetailViewController.h; sourceTree = "<group>"; };
		4978D3CF1BC314890095A722 /* DetailViewController.m */ = {isa = PBXFileReference; fileEncoding = 4; lastKnownFileType = sourcecode.c.objc; path = DetailViewController.m; sourceTree = "<group>"; };
		4978D3D11BC314B30095A722 /* ListTableViewController.h */ = {isa = PBXFileReference; fileEncoding = 4; lastKnownFileType = sourcecode.c.h; path = ListTableViewController.h; sourceTree = "<group>"; };
		4978D3D21BC314B30095A722 /* ListTableViewController.m */ = {isa = PBXFileReference; fileEncoding = 4; lastKnownFileType = sourcecode.c.objc; path = ListTableViewController.m; sourceTree = "<group>"; };
		49DAB8CC1BB697830083AD1B /* Basic.app */ = {isa = PBXFileReference; explicitFileType = wrapper.application; includeInIndex = 0; path = Basic.app; sourceTree = BUILT_PRODUCTS_DIR; };
		49DAB8D01BB697830083AD1B /* main.m */ = {isa = PBXFileReference; lastKnownFileType = sourcecode.c.objc; path = main.m; sourceTree = "<group>"; };
		49DAB8D21BB697830083AD1B /* AppDelegate.h */ = {isa = PBXFileReference; lastKnownFileType = sourcecode.c.h; path = AppDelegate.h; sourceTree = "<group>"; };
		49DAB8D31BB697830083AD1B /* AppDelegate.m */ = {isa = PBXFileReference; lastKnownFileType = sourcecode.c.objc; path = AppDelegate.m; sourceTree = "<group>"; };
		49DAB8D51BB697830083AD1B /* ViewController.h */ = {isa = PBXFileReference; lastKnownFileType = sourcecode.c.h; path = ViewController.h; sourceTree = "<group>"; };
		49DAB8D61BB697830083AD1B /* ViewController.m */ = {isa = PBXFileReference; lastKnownFileType = sourcecode.c.objc; path = ViewController.m; sourceTree = "<group>"; };
		49DAB8D91BB697830083AD1B /* Base */ = {isa = PBXFileReference; lastKnownFileType = file.storyboard; name = Base; path = Base.lproj/Main.storyboard; sourceTree = "<group>"; };
		49DAB8DB1BB697830083AD1B /* Assets.xcassets */ = {isa = PBXFileReference; lastKnownFileType = folder.assetcatalog; path = Assets.xcassets; sourceTree = "<group>"; };
		49DAB8DE1BB697830083AD1B /* Base */ = {isa = PBXFileReference; lastKnownFileType = file.storyboard; name = Base; path = Base.lproj/LaunchScreen.storyboard; sourceTree = "<group>"; };
		49DAB8E01BB697830083AD1B /* Info.plist */ = {isa = PBXFileReference; lastKnownFileType = text.plist.xml; path = Info.plist; sourceTree = "<group>"; };
		49DAB8E51BB697830083AD1B /* BasicTests.xctest */ = {isa = PBXFileReference; explicitFileType = wrapper.cfbundle; includeInIndex = 0; path = BasicTests.xctest; sourceTree = BUILT_PRODUCTS_DIR; };
		49DAB8E91BB697840083AD1B /* BasicTests.m */ = {isa = PBXFileReference; lastKnownFileType = sourcecode.c.objc; path = BasicTests.m; sourceTree = "<group>"; };
		49DAB8EB1BB697840083AD1B /* Info.plist */ = {isa = PBXFileReference; lastKnownFileType = text.plist.xml; path = Info.plist; sourceTree = "<group>"; };
		49DAB8F01BB697840083AD1B /* BasicUITests.xctest */ = {isa = PBXFileReference; explicitFileType = wrapper.cfbundle; includeInIndex = 0; path = BasicUITests.xctest; sourceTree = BUILT_PRODUCTS_DIR; };
		49DAB8F41BB697840083AD1B /* BasicUITests.m */ = {isa = PBXFileReference; lastKnownFileType = sourcecode.c.objc; path = BasicUITests.m; sourceTree = "<group>"; };
		49DAB8F61BB697840083AD1B /* Info.plist */ = {isa = PBXFileReference; lastKnownFileType = text.plist.xml; path = Info.plist; sourceTree = "<group>"; };
		63E1D345FDC638962E114D28 /* Pods-Basic.debug.xcconfig */ = {isa = PBXFileReference; includeInIndex = 1; lastKnownFileType = text.xcconfig; name = "Pods-Basic.debug.xcconfig"; path = "Pods/Target Support Files/Pods-Basic/Pods-Basic.debug.xcconfig"; sourceTree = "<group>"; };
		970FF3A7E9901A0AC656430E /* Pods-Basic.release.xcconfig */ = {isa = PBXFileReference; includeInIndex = 1; lastKnownFileType = text.xcconfig; name = "Pods-Basic.release.xcconfig"; path = "Pods/Target Support Files/Pods-Basic/Pods-Basic.release.xcconfig"; sourceTree = "<group>"; };
		B21336D3E587CC58B79E5C1F /* libPods-Basic.a */ = {isa = PBXFileReference; explicitFileType = archive.ar; includeInIndex = 0; path = "libPods-Basic.a"; sourceTree = BUILT_PRODUCTS_DIR; };
/* End PBXFileReference section */

/* Begin PBXFrameworksBuildPhase section */
		49DAB8C91BB697830083AD1B /* Frameworks */ = {
			isa = PBXFrameworksBuildPhase;
			buildActionMask = 2147483647;
			files = (
				F09266A28C2EFE5B9150C7AC /* libPods-Basic.a in Frameworks */,
			);
			runOnlyForDeploymentPostprocessing = 0;
		};
		49DAB8E21BB697830083AD1B /* Frameworks */ = {
			isa = PBXFrameworksBuildPhase;
			buildActionMask = 2147483647;
			files = (
			);
			runOnlyForDeploymentPostprocessing = 0;
		};
		49DAB8ED1BB697840083AD1B /* Frameworks */ = {
			isa = PBXFrameworksBuildPhase;
			buildActionMask = 2147483647;
			files = (
			);
			runOnlyForDeploymentPostprocessing = 0;
		};
/* End PBXFrameworksBuildPhase section */

/* Begin PBXGroup section */
		49DAB8C31BB697830083AD1B = {
			isa = PBXGroup;
			children = (
				49DAB8CE1BB697830083AD1B /* Basic */,
				49DAB8E81BB697830083AD1B /* BasicTests */,
				49DAB8F31BB697840083AD1B /* BasicUITests */,
				49DAB8CD1BB697830083AD1B /* Products */,
				B663F12926B23C7F74826981 /* Pods */,
				D4DFBE2A9BC3E693DD924590 /* Frameworks */,
			);
			sourceTree = "<group>";
		};
		49DAB8CD1BB697830083AD1B /* Products */ = {
			isa = PBXGroup;
			children = (
				49DAB8CC1BB697830083AD1B /* Basic.app */,
				49DAB8E51BB697830083AD1B /* BasicTests.xctest */,
				49DAB8F01BB697840083AD1B /* BasicUITests.xctest */,
			);
			name = Products;
			sourceTree = "<group>";
		};
		49DAB8CE1BB697830083AD1B /* Basic */ = {
			isa = PBXGroup;
			children = (
				49DAB8D21BB697830083AD1B /* AppDelegate.h */,
				49DAB8D31BB697830083AD1B /* AppDelegate.m */,
				49DAB8D51BB697830083AD1B /* ViewController.h */,
				49DAB8D61BB697830083AD1B /* ViewController.m */,
				49DAB8D81BB697830083AD1B /* Main.storyboard */,
				49DAB8DB1BB697830083AD1B /* Assets.xcassets */,
				49DAB8DD1BB697830083AD1B /* LaunchScreen.storyboard */,
				49DAB8E01BB697830083AD1B /* Info.plist */,
				49DAB8CF1BB697830083AD1B /* Supporting Files */,
				4978D3CE1BC314890095A722 /* DetailViewController.h */,
				4978D3CF1BC314890095A722 /* DetailViewController.m */,
				4978D3D11BC314B30095A722 /* ListTableViewController.h */,
				4978D3D21BC314B30095A722 /* ListTableViewController.m */,
			);
			path = Basic;
			sourceTree = "<group>";
		};
		49DAB8CF1BB697830083AD1B /* Supporting Files */ = {
			isa = PBXGroup;
			children = (
				49DAB8D01BB697830083AD1B /* main.m */,
			);
			name = "Supporting Files";
			sourceTree = "<group>";
		};
		49DAB8E81BB697830083AD1B /* BasicTests */ = {
			isa = PBXGroup;
			children = (
				49DAB8E91BB697840083AD1B /* BasicTests.m */,
				49DAB8EB1BB697840083AD1B /* Info.plist */,
			);
			path = BasicTests;
			sourceTree = "<group>";
		};
		49DAB8F31BB697840083AD1B /* BasicUITests */ = {
			isa = PBXGroup;
			children = (
				49DAB8F41BB697840083AD1B /* BasicUITests.m */,
				49DAB8F61BB697840083AD1B /* Info.plist */,
			);
			path = BasicUITests;
			sourceTree = "<group>";
		};
		B663F12926B23C7F74826981 /* Pods */ = {
			isa = PBXGroup;
			children = (
				63E1D345FDC638962E114D28 /* Pods-Basic.debug.xcconfig */,
				970FF3A7E9901A0AC656430E /* Pods-Basic.release.xcconfig */,
			);
			name = Pods;
			sourceTree = "<group>";
		};
		D4DFBE2A9BC3E693DD924590 /* Frameworks */ = {
			isa = PBXGroup;
			children = (
				B21336D3E587CC58B79E5C1F /* libPods-Basic.a */,
			);
			name = Frameworks;
			sourceTree = "<group>";
		};
/* End PBXGroup section */

/* Begin PBXNativeTarget section */
		49DAB8CB1BB697830083AD1B /* Basic */ = {
			isa = PBXNativeTarget;
			buildConfigurationList = 49DAB8F91BB697840083AD1B /* Build configuration list for PBXNativeTarget "Basic" */;
			buildPhases = (
				B30567E6DFA05664F04F2C73 /* Check Pods Manifest.lock */,
				49DAB8C81BB697830083AD1B /* Sources */,
				49DAB8C91BB697830083AD1B /* Frameworks */,
				49DAB8CA1BB697830083AD1B /* Resources */,
				40084FD459CDB2B58F498956 /* Copy Pods Resources */,
				4F86E673ADF207486DE2B3B9 /* Embed Pods Frameworks */,
			);
			buildRules = (
			);
			dependencies = (
			);
			name = Basic;
			productName = Basic;
			productReference = 49DAB8CC1BB697830083AD1B /* Basic.app */;
			productType = "com.apple.product-type.application";
		};
		49DAB8E41BB697830083AD1B /* BasicTests */ = {
			isa = PBXNativeTarget;
			buildConfigurationList = 49DAB8FC1BB697840083AD1B /* Build configuration list for PBXNativeTarget "BasicTests" */;
			buildPhases = (
				49DAB8E11BB697830083AD1B /* Sources */,
				49DAB8E21BB697830083AD1B /* Frameworks */,
				49DAB8E31BB697830083AD1B /* Resources */,
			);
			buildRules = (
			);
			dependencies = (
				49DAB8E71BB697830083AD1B /* PBXTargetDependency */,
			);
			name = BasicTests;
			productName = BasicTests;
			productReference = 49DAB8E51BB697830083AD1B /* BasicTests.xctest */;
			productType = "com.apple.product-type.bundle.unit-test";
		};
		49DAB8EF1BB697840083AD1B /* BasicUITests */ = {
			isa = PBXNativeTarget;
			buildConfigurationList = 49DAB8FF1BB697840083AD1B /* Build configuration list for PBXNativeTarget "BasicUITests" */;
			buildPhases = (
				49DAB8EC1BB697840083AD1B /* Sources */,
				49DAB8ED1BB697840083AD1B /* Frameworks */,
				49DAB8EE1BB697840083AD1B /* Resources */,
			);
			buildRules = (
			);
			dependencies = (
				49DAB8F21BB697840083AD1B /* PBXTargetDependency */,
			);
			name = BasicUITests;
			productName = BasicUITests;
			productReference = 49DAB8F01BB697840083AD1B /* BasicUITests.xctest */;
			productType = "com.apple.product-type.bundle.ui-testing";
		};
/* End PBXNativeTarget section */

/* Begin PBXProject section */
		49DAB8C41BB697830083AD1B /* Project object */ = {
			isa = PBXProject;
			attributes = {
				LastUpgradeCheck = 0700;
				ORGANIZATIONNAME = Stream;
				TargetAttributes = {
					49DAB8CB1BB697830083AD1B = {
						CreatedOnToolsVersion = 7.0;
					};
					49DAB8E41BB697830083AD1B = {
						CreatedOnToolsVersion = 7.0;
						TestTargetID = 49DAB8CB1BB697830083AD1B;
					};
					49DAB8EF1BB697840083AD1B = {
						CreatedOnToolsVersion = 7.0;
						TestTargetID = 49DAB8CB1BB697830083AD1B;
					};
				};
			};
			buildConfigurationList = 49DAB8C71BB697830083AD1B /* Build configuration list for PBXProject "Basic" */;
			compatibilityVersion = "Xcode 3.2";
			developmentRegion = English;
			hasScannedForEncodings = 0;
			knownRegions = (
				en,
				Base,
			);
			mainGroup = 49DAB8C31BB697830083AD1B;
			productRefGroup = 49DAB8CD1BB697830083AD1B /* Products */;
			projectDirPath = "";
			projectRoot = "";
			targets = (
				49DAB8CB1BB697830083AD1B /* Basic */,
				49DAB8E41BB697830083AD1B /* BasicTests */,
				49DAB8EF1BB697840083AD1B /* BasicUITests */,
			);
		};
/* End PBXProject section */

/* Begin PBXResourcesBuildPhase section */
		49DAB8CA1BB697830083AD1B /* Resources */ = {
			isa = PBXResourcesBuildPhase;
			buildActionMask = 2147483647;
			files = (
				49DAB8DF1BB697830083AD1B /* LaunchScreen.storyboard in Resources */,
				49DAB8DC1BB697830083AD1B /* Assets.xcassets in Resources */,
				49DAB8DA1BB697830083AD1B /* Main.storyboard in Resources */,
			);
			runOnlyForDeploymentPostprocessing = 0;
		};
		49DAB8E31BB697830083AD1B /* Resources */ = {
			isa = PBXResourcesBuildPhase;
			buildActionMask = 2147483647;
			files = (
			);
			runOnlyForDeploymentPostprocessing = 0;
		};
		49DAB8EE1BB697840083AD1B /* Resources */ = {
			isa = PBXResourcesBuildPhase;
			buildActionMask = 2147483647;
			files = (
			);
			runOnlyForDeploymentPostprocessing = 0;
		};
/* End PBXResourcesBuildPhase section */

/* Begin PBXShellScriptBuildPhase section */
		40084FD459CDB2B58F498956 /* Copy Pods Resources */ = {
			isa = PBXShellScriptBuildPhase;
			buildActionMask = 2147483647;
			files = (
			);
			inputPaths = (
			);
			name = "Copy Pods Resources";
			outputPaths = (
			);
			runOnlyForDeploymentPostprocessing = 0;
			shellPath = /bin/sh;
			shellScript = "\"${SRCROOT}/Pods/Target Support Files/Pods-Basic/Pods-Basic-resources.sh\"\n";
			showEnvVarsInLog = 0;
		};
		4F86E673ADF207486DE2B3B9 /* Embed Pods Frameworks */ = {
			isa = PBXShellScriptBuildPhase;
			buildActionMask = 2147483647;
			files = (
			);
			inputPaths = (
			);
			name = "Embed Pods Frameworks";
			outputPaths = (
			);
			runOnlyForDeploymentPostprocessing = 0;
			shellPath = /bin/sh;
			shellScript = "\"${SRCROOT}/Pods/Target Support Files/Pods-Basic/Pods-Basic-frameworks.sh\"\n";
			showEnvVarsInLog = 0;
		};
		B30567E6DFA05664F04F2C73 /* Check Pods Manifest.lock */ = {
			isa = PBXShellScriptBuildPhase;
			buildActionMask = 2147483647;
			files = (
			);
			inputPaths = (
			);
			name = "Check Pods Manifest.lock";
			outputPaths = (
			);
			runOnlyForDeploymentPostprocessing = 0;
			shellPath = /bin/sh;
			shellScript = "diff \"${PODS_ROOT}/../Podfile.lock\" \"${PODS_ROOT}/Manifest.lock\" > /dev/null\nif [[ $? != 0 ]] ; then\n    cat << EOM\nerror: The sandbox is not in sync with the Podfile.lock. Run 'pod install' or update your CocoaPods installation.\nEOM\n    exit 1\nfi\n";
			showEnvVarsInLog = 0;
		};
/* End PBXShellScriptBuildPhase section */

/* Begin PBXSourcesBuildPhase section */
		49DAB8C81BB697830083AD1B /* Sources */ = {
			isa = PBXSourcesBuildPhase;
			buildActionMask = 2147483647;
			files = (
				49DAB8D71BB697830083AD1B /* ViewController.m in Sources */,
				49DAB8D41BB697830083AD1B /* AppDelegate.m in Sources */,
				49DAB8D11BB697830083AD1B /* main.m in Sources */,
				4978D3D01BC314890095A722 /* DetailViewController.m in Sources */,
				4978D3D31BC314B30095A722 /* ListTableViewController.m in Sources */,
			);
			runOnlyForDeploymentPostprocessing = 0;
		};
		49DAB8E11BB697830083AD1B /* Sources */ = {
			isa = PBXSourcesBuildPhase;
			buildActionMask = 2147483647;
			files = (
				49DAB8EA1BB697840083AD1B /* BasicTests.m in Sources */,
			);
			runOnlyForDeploymentPostprocessing = 0;
		};
		49DAB8EC1BB697840083AD1B /* Sources */ = {
			isa = PBXSourcesBuildPhase;
			buildActionMask = 2147483647;
			files = (
				49DAB8F51BB697840083AD1B /* BasicUITests.m in Sources */,
			);
			runOnlyForDeploymentPostprocessing = 0;
		};
/* End PBXSourcesBuildPhase section */

/* Begin PBXTargetDependency section */
		49DAB8E71BB697830083AD1B /* PBXTargetDependency */ = {
			isa = PBXTargetDependency;
			target = 49DAB8CB1BB697830083AD1B /* Basic */;
			targetProxy = 49DAB8E61BB697830083AD1B /* PBXContainerItemProxy */;
		};
		49DAB8F21BB697840083AD1B /* PBXTargetDependency */ = {
			isa = PBXTargetDependency;
			target = 49DAB8CB1BB697830083AD1B /* Basic */;
			targetProxy = 49DAB8F11BB697840083AD1B /* PBXContainerItemProxy */;
		};
/* End PBXTargetDependency section */

/* Begin PBXVariantGroup section */
		49DAB8D81BB697830083AD1B /* Main.storyboard */ = {
			isa = PBXVariantGroup;
			children = (
				49DAB8D91BB697830083AD1B /* Base */,
			);
			name = Main.storyboard;
			sourceTree = "<group>";
		};
		49DAB8DD1BB697830083AD1B /* LaunchScreen.storyboard */ = {
			isa = PBXVariantGroup;
			children = (
				49DAB8DE1BB697830083AD1B /* Base */,
			);
			name = LaunchScreen.storyboard;
			sourceTree = "<group>";
		};
/* End PBXVariantGroup section */

/* Begin XCBuildConfiguration section */
		49DAB8F71BB697840083AD1B /* Debug */ = {
			isa = XCBuildConfiguration;
			buildSettings = {
				ALWAYS_SEARCH_USER_PATHS = NO;
				CLANG_CXX_LANGUAGE_STANDARD = "gnu++0x";
				CLANG_CXX_LIBRARY = "libc++";
				CLANG_ENABLE_MODULES = YES;
				CLANG_ENABLE_OBJC_ARC = YES;
				CLANG_WARN_BOOL_CONVERSION = YES;
				CLANG_WARN_CONSTANT_CONVERSION = YES;
				CLANG_WARN_DIRECT_OBJC_ISA_USAGE = YES_ERROR;
				CLANG_WARN_EMPTY_BODY = YES;
				CLANG_WARN_ENUM_CONVERSION = YES;
				CLANG_WARN_INT_CONVERSION = YES;
				CLANG_WARN_OBJC_ROOT_CLASS = YES_ERROR;
				CLANG_WARN_UNREACHABLE_CODE = YES;
				CLANG_WARN__DUPLICATE_METHOD_MATCH = YES;
				"CODE_SIGN_IDENTITY[sdk=iphoneos*]" = "iPhone Developer";
				COPY_PHASE_STRIP = NO;
				DEBUG_INFORMATION_FORMAT = dwarf;
				ENABLE_STRICT_OBJC_MSGSEND = YES;
				ENABLE_TESTABILITY = YES;
				GCC_C_LANGUAGE_STANDARD = gnu99;
				GCC_DYNAMIC_NO_PIC = NO;
				GCC_NO_COMMON_BLOCKS = YES;
				GCC_OPTIMIZATION_LEVEL = 0;
				GCC_PREPROCESSOR_DEFINITIONS = (
					"DEBUG=1",
					"$(inherited)",
				);
				GCC_WARN_64_TO_32_BIT_CONVERSION = YES;
				GCC_WARN_ABOUT_RETURN_TYPE = YES_ERROR;
				GCC_WARN_UNDECLARED_SELECTOR = YES;
				GCC_WARN_UNINITIALIZED_AUTOS = YES_AGGRESSIVE;
				GCC_WARN_UNUSED_FUNCTION = YES;
				GCC_WARN_UNUSED_VARIABLE = YES;
				IPHONEOS_DEPLOYMENT_TARGET = 8.0;
				MTL_ENABLE_DEBUG_INFO = YES;
				ONLY_ACTIVE_ARCH = YES;
				SDKROOT = iphoneos;
			};
			name = Debug;
		};
		49DAB8F81BB697840083AD1B /* Release */ = {
			isa = XCBuildConfiguration;
			buildSettings = {
				ALWAYS_SEARCH_USER_PATHS = NO;
				CLANG_CXX_LANGUAGE_STANDARD = "gnu++0x";
				CLANG_CXX_LIBRARY = "libc++";
				CLANG_ENABLE_MODULES = YES;
				CLANG_ENABLE_OBJC_ARC = YES;
				CLANG_WARN_BOOL_CONVERSION = YES;
				CLANG_WARN_CONSTANT_CONVERSION = YES;
				CLANG_WARN_DIRECT_OBJC_ISA_USAGE = YES_ERROR;
				CLANG_WARN_EMPTY_BODY = YES;
				CLANG_WARN_ENUM_CONVERSION = YES;
				CLANG_WARN_INT_CONVERSION = YES;
				CLANG_WARN_OBJC_ROOT_CLASS = YES_ERROR;
				CLANG_WARN_UNREACHABLE_CODE = YES;
				CLANG_WARN__DUPLICATE_METHOD_MATCH = YES;
				"CODE_SIGN_IDENTITY[sdk=iphoneos*]" = "iPhone Developer";
				COPY_PHASE_STRIP = NO;
				DEBUG_INFORMATION_FORMAT = "dwarf-with-dsym";
				ENABLE_NS_ASSERTIONS = NO;
				ENABLE_STRICT_OBJC_MSGSEND = YES;
				GCC_C_LANGUAGE_STANDARD = gnu99;
				GCC_NO_COMMON_BLOCKS = YES;
				GCC_WARN_64_TO_32_BIT_CONVERSION = YES;
				GCC_WARN_ABOUT_RETURN_TYPE = YES_ERROR;
				GCC_WARN_UNDECLARED_SELECTOR = YES;
				GCC_WARN_UNINITIALIZED_AUTOS = YES_AGGRESSIVE;
				GCC_WARN_UNUSED_FUNCTION = YES;
				GCC_WARN_UNUSED_VARIABLE = YES;
				IPHONEOS_DEPLOYMENT_TARGET = 8.0;
				MTL_ENABLE_DEBUG_INFO = NO;
				SDKROOT = iphoneos;
				VALIDATE_PRODUCT = YES;
			};
			name = Release;
		};
		49DAB8FA1BB697840083AD1B /* Debug */ = {
			isa = XCBuildConfiguration;
			baseConfigurationReference = 63E1D345FDC638962E114D28 /* Pods-Basic.debug.xcconfig */;
			buildSettings = {
				ASSETCATALOG_COMPILER_APPICON_NAME = AppIcon;
				INFOPLIST_FILE = Basic/Info.plist;
				LD_RUNPATH_SEARCH_PATHS = "$(inherited) @executable_path/Frameworks";
				PRODUCT_BUNDLE_IDENTIFIER = io.getstream.Basic;
				PRODUCT_NAME = "$(TARGET_NAME)";
			};
			name = Debug;
		};
		49DAB8FB1BB697840083AD1B /* Release */ = {
			isa = XCBuildConfiguration;
			baseConfigurationReference = 970FF3A7E9901A0AC656430E /* Pods-Basic.release.xcconfig */;
			buildSettings = {
				ASSETCATALOG_COMPILER_APPICON_NAME = AppIcon;
				INFOPLIST_FILE = Basic/Info.plist;
				LD_RUNPATH_SEARCH_PATHS = "$(inherited) @executable_path/Frameworks";
				PRODUCT_BUNDLE_IDENTIFIER = io.getstream.Basic;
				PRODUCT_NAME = "$(TARGET_NAME)";
			};
			name = Release;
		};
		49DAB8FD1BB697840083AD1B /* Debug */ = {
			isa = XCBuildConfiguration;
			buildSettings = {
				BUNDLE_LOADER = "$(TEST_HOST)";
				INFOPLIST_FILE = BasicTests/Info.plist;
				LD_RUNPATH_SEARCH_PATHS = "$(inherited) @executable_path/Frameworks @loader_path/Frameworks";
				PRODUCT_BUNDLE_IDENTIFIER = io.getstream.BasicTests;
				PRODUCT_NAME = "$(TARGET_NAME)";
				TEST_HOST = "$(BUILT_PRODUCTS_DIR)/Basic.app/Basic";
			};
			name = Debug;
		};
		49DAB8FE1BB697840083AD1B /* Release */ = {
			isa = XCBuildConfiguration;
			buildSettings = {
				BUNDLE_LOADER = "$(TEST_HOST)";
				INFOPLIST_FILE = BasicTests/Info.plist;
				LD_RUNPATH_SEARCH_PATHS = "$(inherited) @executable_path/Frameworks @loader_path/Frameworks";
				PRODUCT_BUNDLE_IDENTIFIER = io.getstream.BasicTests;
				PRODUCT_NAME = "$(TARGET_NAME)";
				TEST_HOST = "$(BUILT_PRODUCTS_DIR)/Basic.app/Basic";
			};
			name = Release;
		};
		49DAB9001BB697840083AD1B /* Debug */ = {
			isa = XCBuildConfiguration;
			buildSettings = {
				INFOPLIST_FILE = BasicUITests/Info.plist;
				LD_RUNPATH_SEARCH_PATHS = "$(inherited) @executable_path/Frameworks @loader_path/Frameworks";
				PRODUCT_BUNDLE_IDENTIFIER = io.getstream.BasicUITests;
				PRODUCT_NAME = "$(TARGET_NAME)";
				TEST_TARGET_NAME = Basic;
				USES_XCTRUNNER = YES;
			};
			name = Debug;
		};
		49DAB9011BB697840083AD1B /* Release */ = {
			isa = XCBuildConfiguration;
			buildSettings = {
				INFOPLIST_FILE = BasicUITests/Info.plist;
				LD_RUNPATH_SEARCH_PATHS = "$(inherited) @executable_path/Frameworks @loader_path/Frameworks";
				PRODUCT_BUNDLE_IDENTIFIER = io.getstream.BasicUITests;
				PRODUCT_NAME = "$(TARGET_NAME)";
				TEST_TARGET_NAME = Basic;
				USES_XCTRUNNER = YES;
			};
			name = Release;
		};
/* End XCBuildConfiguration section */

/* Begin XCConfigurationList section */
		49DAB8C71BB697830083AD1B /* Build configuration list for PBXProject "Basic" */ = {
			isa = XCConfigurationList;
			buildConfigurations = (
				49DAB8F71BB697840083AD1B /* Debug */,
				49DAB8F81BB697840083AD1B /* Release */,
			);
			defaultConfigurationIsVisible = 0;
			defaultConfigurationName = Release;
		};
		49DAB8F91BB697840083AD1B /* Build configuration list for PBXNativeTarget "Basic" */ = {
			isa = XCConfigurationList;
			buildConfigurations = (
				49DAB8FA1BB697840083AD1B /* Debug */,
				49DAB8FB1BB697840083AD1B /* Release */,
			);
			defaultConfigurationIsVisible = 0;
			defaultConfigurationName = Release;
		};
		49DAB8FC1BB697840083AD1B /* Build configuration list for PBXNativeTarget "BasicTests" */ = {
			isa = XCConfigurationList;
			buildConfigurations = (
				49DAB8FD1BB697840083AD1B /* Debug */,
				49DAB8FE1BB697840083AD1B /* Release */,
			);
			defaultConfigurationIsVisible = 0;
			defaultConfigurationName = Release;
		};
		49DAB8FF1BB697840083AD1B /* Build configuration list for PBXNativeTarget "BasicUITests" */ = {
			isa = XCConfigurationList;
			buildConfigurations = (
				49DAB9001BB697840083AD1B /* Debug */,
				49DAB9011BB697840083AD1B /* Release */,
			);
			defaultConfigurationIsVisible = 0;
			defaultConfigurationName = Release;
		};
/* End XCConfigurationList section */
	};
	rootObject = 49DAB8C41BB697830083AD1B /* Project object */;
}
